
Microsoft Visual Studio Solution File, Format Version 12.00
# Visual Studio Version 17
VisualStudioVersion = 17.9.34714.143
MinimumVisualStudioVersion = 10.0.40219.1
Project("{9A19103F-16F7-4668-BE54-9A1E7A4F7556}") = "ASPMVC06", "ASPMVC06\ASPMVC06.csproj", "{E2B5A1ED-8428-44D7-A6ED-3B79AE7D4997}"
EndProject
Global
	GlobalSection(SolutionConfigurationPlatforms) = preSolution
		Debug|Any CPU = Debug|Any CPU
		Release|Any CPU = Release|Any CPU
	EndGlobalSection
	GlobalSection(ProjectConfigurationPlatforms) = postSolution
		{E2B5A1ED-8428-44D7-A6ED-3B79AE7D4997}.Debug|Any CPU.ActiveCfg = Debug|Any CPU
		{E2B5A1ED-8428-44D7-A6ED-3B79AE7D4997}.Debug|Any CPU.Build.0 = Debug|Any CPU
		{E2B5A1ED-8428-44D7-A6ED-3B79AE7D4997}.Release|Any CPU.ActiveCfg = Release|Any CPU
		{E2B5A1ED-8428-44D7-A6ED-3B79AE7D4997}.Release|Any CPU.Build.0 = Release|Any CPU
	EndGlobalSection
	GlobalSection(SolutionProperties) = preSolution
		HideSolutionNode = FALSE
	EndGlobalSection
	GlobalSection(ExtensibilityGlobals) = postSolution
		SolutionGuid = {1AC35545-30DD-40D6-83AF-F12BEEC56B8C}
	EndGlobalSection
EndGlobal
